// !$*UTF8*$!
{
	archiveVersion = 1;
	classes = {
	};
	objectVersion = 46;
	objects = {

/* Begin PBXBuildFile section */
		3B28C85713D8FFA100D710B3 /* Default.png in Resources */ = {isa = PBXBuildFile; fileRef = 3B28C85613D8FFA100D710B3 /* Default.png */; };
		3B28C85913D9001000D710B3 /* Default@2x.png in Resources */ = {isa = PBXBuildFile; fileRef = 3B28C85813D9001000D710B3 /* Default@2x.png */; };
		3B3A5FDE13D717F100F609BC /* Foundation.framework in Frameworks */ = {isa = PBXBuildFile; fileRef = 3B3A5FDD13D717F100F609BC /* Foundation.framework */; };
		3B3A5FE013D717F100F609BC /* UIKit.framework in Frameworks */ = {isa = PBXBuildFile; fileRef = 3B3A5FDF13D717F100F609BC /* UIKit.framework */; };
		3B3A5FE213D717F100F609BC /* CoreGraphics.framework in Frameworks */ = {isa = PBXBuildFile; fileRef = 3B3A5FE113D717F100F609BC /* CoreGraphics.framework */; };
		3B3A5FE413D717F100F609BC /* AddressBook.framework in Frameworks */ = {isa = PBXBuildFile; fileRef = 3B3A5FE313D717F100F609BC /* AddressBook.framework */; };
		3B3A5FE613D717F100F609BC /* AddressBookUI.framework in Frameworks */ = {isa = PBXBuildFile; fileRef = 3B3A5FE513D717F100F609BC /* AddressBookUI.framework */; };
		3B3A5FE813D717F100F609BC /* AudioToolbox.framework in Frameworks */ = {isa = PBXBuildFile; fileRef = 3B3A5FE713D717F100F609BC /* AudioToolbox.framework */; };
		3B3A5FEA13D717F100F609BC /* AVFoundation.framework in Frameworks */ = {isa = PBXBuildFile; fileRef = 3B3A5FE913D717F100F609BC /* AVFoundation.framework */; };
		3B3A5FEC13D717F100F609BC /* CoreLocation.framework in Frameworks */ = {isa = PBXBuildFile; fileRef = 3B3A5FEB13D717F100F609BC /* CoreLocation.framework */; };
		3B3A5FEE13D717F100F609BC /* MediaPlayer.framework in Frameworks */ = {isa = PBXBuildFile; fileRef = 3B3A5FED13D717F100F609BC /* MediaPlayer.framework */; };
		3B3A5FF013D717F100F609BC /* QuartzCore.framework in Frameworks */ = {isa = PBXBuildFile; fileRef = 3B3A5FEF13D717F100F609BC /* QuartzCore.framework */; };
		3B3A5FF213D717F100F609BC /* SystemConfiguration.framework in Frameworks */ = {isa = PBXBuildFile; fileRef = 3B3A5FF113D717F100F609BC /* SystemConfiguration.framework */; };
		3B3A5FF413D717F100F609BC /* MobileCoreServices.framework in Frameworks */ = {isa = PBXBuildFile; fileRef = 3B3A5FF313D717F100F609BC /* MobileCoreServices.framework */; };
		3B3A5FF613D717F100F609BC /* CoreMedia.framework in Frameworks */ = {isa = PBXBuildFile; fileRef = 3B3A5FF513D717F100F609BC /* CoreMedia.framework */; };
		3B3A5FFC13D717F100F609BC /* InfoPlist.strings in Resources */ = {isa = PBXBuildFile; fileRef = 3B3A5FFA13D717F100F609BC /* InfoPlist.strings */; };
		3B3A5FFF13D717F100F609BC /* main.m in Sources */ = {isa = PBXBuildFile; fileRef = 3B3A5FFE13D717F100F609BC /* main.m */; };
		3B3A600513D717F100F609BC /* icon.png in Resources */ = {isa = PBXBuildFile; fileRef = 3B3A600413D717F100F609BC /* icon.png */; };
		3B3A600713D717F100F609BC /* icon@2x.png in Resources */ = {isa = PBXBuildFile; fileRef = 3B3A600613D717F100F609BC /* icon@2x.png */; };
		3B3A600913D717F100F609BC /* icon-72.png in Resources */ = {isa = PBXBuildFile; fileRef = 3B3A600813D717F100F609BC /* icon-72.png */; };
		3B3A600C13D717F100F609BC /* Default.png in Resources */ = {isa = PBXBuildFile; fileRef = 3B3A600B13D717F100F609BC /* Default.png */; };
		3B3A600E13D717F100F609BC /* Default@2x.png in Resources */ = {isa = PBXBuildFile; fileRef = 3B3A600D13D717F100F609BC /* Default@2x.png */; };
		3B3A601013D717F100F609BC /* Default~ipad.png in Resources */ = {isa = PBXBuildFile; fileRef = 3B3A600F13D717F100F609BC /* Default~ipad.png */; };
		3B3A601213D717F100F609BC /* Capture.bundle in Resources */ = {isa = PBXBuildFile; fileRef = 3B3A601113D717F100F609BC /* Capture.bundle */; };
		3B3A601413D717F100F609BC /* PhoneGap.plist in Resources */ = {isa = PBXBuildFile; fileRef = 3B3A601313D717F100F609BC /* PhoneGap.plist */; };
		3B3A601813D717F100F609BC /* AppDelegate.m in Sources */ = {isa = PBXBuildFile; fileRef = 3B3A601713D717F100F609BC /* AppDelegate.m */; };
		3B3A646D13D7198300F609BC /* www in Resources */ = {isa = PBXBuildFile; fileRef = 3B3A646C13D7198300F609BC /* www */; };
		3B3A646F13D719E400F609BC /* images in Resources */ = {isa = PBXBuildFile; fileRef = 3B3A646E13D719E400F609BC /* images */; };
		3BDA51DD13E30EB40079729D /* PhoneGap.framework in Frameworks */ = {isa = PBXBuildFile; fileRef = 3BDA51DC13E30EB40079729D /* PhoneGap.framework */; };
		3BDA51EC13E311EF0079729D /* ChildBrowser.bundle in Resources */ = {isa = PBXBuildFile; fileRef = 3BDA51DF13E311EF0079729D /* ChildBrowser.bundle */; };
		3BDA51ED13E311EF0079729D /* ChildBrowser.js in Sources */ = {isa = PBXBuildFile; fileRef = 3BDA51E013E311EF0079729D /* ChildBrowser.js */; };
		3BDA51EE13E311EF0079729D /* ChildBrowserCommand.m in Sources */ = {isa = PBXBuildFile; fileRef = 3BDA51E213E311EF0079729D /* ChildBrowserCommand.m */; };
		3BDA51EF13E311EF0079729D /* ChildBrowserViewController.m in Sources */ = {isa = PBXBuildFile; fileRef = 3BDA51E413E311EF0079729D /* ChildBrowserViewController.m */; };
		3BDA51F013E311EF0079729D /* ChildBrowserViewController.xib in Resources */ = {isa = PBXBuildFile; fileRef = 3BDA51E513E311EF0079729D /* ChildBrowserViewController.xib */; };
		3BDA51F113E311EF0079729D /* facebook.html in Resources */ = {isa = PBXBuildFile; fileRef = 3BDA51E713E311EF0079729D /* facebook.html */; };
		3BDA51F213E311EF0079729D /* FBConnect.js in Sources */ = {isa = PBXBuildFile; fileRef = 3BDA51E813E311EF0079729D /* FBConnect.js */; };
		3BDA51F313E311EF0079729D /* index.html in Resources */ = {isa = PBXBuildFile; fileRef = 3BDA51E913E311EF0079729D /* index.html */; };
		3BDA51F413E311EF0079729D /* README.txt in Resources */ = {isa = PBXBuildFile; fileRef = 3BDA51EA13E311EF0079729D /* README.txt */; };
		3BDA51F513E311EF0079729D /* README.txt in Resources */ = {isa = PBXBuildFile; fileRef = 3BDA51EB13E311EF0079729D /* README.txt */; };
/* End PBXBuildFile section */

/* Begin PBXFileReference section */
		3B28C85613D8FFA100D710B3 /* Default.png */ = {isa = PBXFileReference; lastKnownFileType = image.png; path = Default.png; sourceTree = "<group>"; };
		3B28C85813D9001000D710B3 /* Default@2x.png */ = {isa = PBXFileReference; lastKnownFileType = image.png; path = "Default@2x.png"; sourceTree = "<group>"; };
		3B3A5FD913D717F100F609BC /* craveapp.app */ = {isa = PBXFileReference; explicitFileType = wrapper.application; includeInIndex = 0; path = craveapp.app; sourceTree = BUILT_PRODUCTS_DIR; };
		3B3A5FDD13D717F100F609BC /* Foundation.framework */ = {isa = PBXFileReference; lastKnownFileType = wrapper.framework; name = Foundation.framework; path = System/Library/Frameworks/Foundation.framework; sourceTree = SDKROOT; };
		3B3A5FDF13D717F100F609BC /* UIKit.framework */ = {isa = PBXFileReference; lastKnownFileType = wrapper.framework; name = UIKit.framework; path = System/Library/Frameworks/UIKit.framework; sourceTree = SDKROOT; };
		3B3A5FE113D717F100F609BC /* CoreGraphics.framework */ = {isa = PBXFileReference; lastKnownFileType = wrapper.framework; name = CoreGraphics.framework; path = System/Library/Frameworks/CoreGraphics.framework; sourceTree = SDKROOT; };
		3B3A5FE313D717F100F609BC /* AddressBook.framework */ = {isa = PBXFileReference; lastKnownFileType = wrapper.framework; name = AddressBook.framework; path = System/Library/Frameworks/AddressBook.framework; sourceTree = SDKROOT; };
		3B3A5FE513D717F100F609BC /* AddressBookUI.framework */ = {isa = PBXFileReference; lastKnownFileType = wrapper.framework; name = AddressBookUI.framework; path = System/Library/Frameworks/AddressBookUI.framework; sourceTree = SDKROOT; };
		3B3A5FE713D717F100F609BC /* AudioToolbox.framework */ = {isa = PBXFileReference; lastKnownFileType = wrapper.framework; name = AudioToolbox.framework; path = System/Library/Frameworks/AudioToolbox.framework; sourceTree = SDKROOT; };
		3B3A5FE913D717F100F609BC /* AVFoundation.framework */ = {isa = PBXFileReference; lastKnownFileType = wrapper.framework; name = AVFoundation.framework; path = System/Library/Frameworks/AVFoundation.framework; sourceTree = SDKROOT; };
		3B3A5FEB13D717F100F609BC /* CoreLocation.framework */ = {isa = PBXFileReference; lastKnownFileType = wrapper.framework; name = CoreLocation.framework; path = System/Library/Frameworks/CoreLocation.framework; sourceTree = SDKROOT; };
		3B3A5FED13D717F100F609BC /* MediaPlayer.framework */ = {isa = PBXFileReference; lastKnownFileType = wrapper.framework; name = MediaPlayer.framework; path = System/Library/Frameworks/MediaPlayer.framework; sourceTree = SDKROOT; };
		3B3A5FEF13D717F100F609BC /* QuartzCore.framework */ = {isa = PBXFileReference; lastKnownFileType = wrapper.framework; name = QuartzCore.framework; path = System/Library/Frameworks/QuartzCore.framework; sourceTree = SDKROOT; };
		3B3A5FF113D717F100F609BC /* SystemConfiguration.framework */ = {isa = PBXFileReference; lastKnownFileType = wrapper.framework; name = SystemConfiguration.framework; path = System/Library/Frameworks/SystemConfiguration.framework; sourceTree = SDKROOT; };
		3B3A5FF313D717F100F609BC /* MobileCoreServices.framework */ = {isa = PBXFileReference; lastKnownFileType = wrapper.framework; name = MobileCoreServices.framework; path = System/Library/Frameworks/MobileCoreServices.framework; sourceTree = SDKROOT; };
		3B3A5FF513D717F100F609BC /* CoreMedia.framework */ = {isa = PBXFileReference; lastKnownFileType = wrapper.framework; name = CoreMedia.framework; path = System/Library/Frameworks/CoreMedia.framework; sourceTree = SDKROOT; };
		3B3A5FF913D717F100F609BC /* craveapp-Info.plist */ = {isa = PBXFileReference; lastKnownFileType = text.plist.xml; path = "craveapp-Info.plist"; sourceTree = "<group>"; };
		3B3A5FFB13D717F100F609BC /* en */ = {isa = PBXFileReference; lastKnownFileType = text.plist.strings; name = en; path = en.lproj/InfoPlist.strings; sourceTree = "<group>"; };
		3B3A5FFD13D717F100F609BC /* craveapp-Prefix.pch */ = {isa = PBXFileReference; lastKnownFileType = sourcecode.c.h; path = "craveapp-Prefix.pch"; sourceTree = "<group>"; };
		3B3A5FFE13D717F100F609BC /* main.m */ = {isa = PBXFileReference; lastKnownFileType = sourcecode.c.objc; path = main.m; sourceTree = "<group>"; };
		3B3A600413D717F100F609BC /* icon.png */ = {isa = PBXFileReference; lastKnownFileType = image.png; name = icon.png; path = Resources/icons/icon.png; sourceTree = "<group>"; };
		3B3A600613D717F100F609BC /* icon@2x.png */ = {isa = PBXFileReference; lastKnownFileType = image.png; name = "icon@2x.png"; path = "Resources/icons/icon@2x.png"; sourceTree = "<group>"; };
		3B3A600813D717F100F609BC /* icon-72.png */ = {isa = PBXFileReference; lastKnownFileType = image.png; name = "icon-72.png"; path = "Resources/icons/icon-72.png"; sourceTree = "<group>"; };
		3B3A600B13D717F100F609BC /* Default.png */ = {isa = PBXFileReference; lastKnownFileType = image.png; name = Default.png; path = Resources/splash/Default.png; sourceTree = "<group>"; };
		3B3A600D13D717F100F609BC /* Default@2x.png */ = {isa = PBXFileReference; lastKnownFileType = image.png; name = "Default@2x.png"; path = "Resources/splash/Default@2x.png"; sourceTree = "<group>"; };
		3B3A600F13D717F100F609BC /* Default~ipad.png */ = {isa = PBXFileReference; lastKnownFileType = image.png; name = "Default~ipad.png"; path = "Resources/splash/Default~ipad.png"; sourceTree = "<group>"; };
		3B3A601113D717F100F609BC /* Capture.bundle */ = {isa = PBXFileReference; lastKnownFileType = "wrapper.plug-in"; name = Capture.bundle; path = Resources/Capture.bundle; sourceTree = "<group>"; };
		3B3A601313D717F100F609BC /* PhoneGap.plist */ = {isa = PBXFileReference; lastKnownFileType = text.plist.xml; path = PhoneGap.plist; sourceTree = "<group>"; };
		3B3A601613D717F100F609BC /* AppDelegate.h */ = {isa = PBXFileReference; lastKnownFileType = sourcecode.c.h; name = AppDelegate.h; path = Classes/AppDelegate.h; sourceTree = "<group>"; };
		3B3A601713D717F100F609BC /* AppDelegate.m */ = {isa = PBXFileReference; lastKnownFileType = sourcecode.c.objc; name = AppDelegate.m; path = Classes/AppDelegate.m; sourceTree = "<group>"; };
		3B3A601A13D717F100F609BC /* README */ = {isa = PBXFileReference; lastKnownFileType = text; name = README; path = Plugins/README; sourceTree = "<group>"; };
		3B3A646C13D7198300F609BC /* www */ = {isa = PBXFileReference; lastKnownFileType = folder; path = www; sourceTree = "<group>"; };
		3B3A646E13D719E400F609BC /* images */ = {isa = PBXFileReference; lastKnownFileType = folder; name = images; path = www/images; sourceTree = "<group>"; };
		3BDA51DC13E30EB40079729D /* PhoneGap.framework */ = {isa = PBXFileReference; lastKnownFileType = wrapper.framework; name = PhoneGap.framework; path = ../../../Shared/PhoneGap/Frameworks/PhoneGap.framework; sourceTree = "<group>"; };
		3BDA51DF13E311EF0079729D /* ChildBrowser.bundle */ = {isa = PBXFileReference; lastKnownFileType = "wrapper.plug-in"; path = ChildBrowser.bundle; sourceTree = "<group>"; };
		3BDA51E013E311EF0079729D /* ChildBrowser.js */ = {isa = PBXFileReference; fileEncoding = 4; lastKnownFileType = sourcecode.javascript; path = ChildBrowser.js; sourceTree = "<group>"; };
		3BDA51E113E311EF0079729D /* ChildBrowserCommand.h */ = {isa = PBXFileReference; fileEncoding = 4; lastKnownFileType = sourcecode.c.h; path = ChildBrowserCommand.h; sourceTree = "<group>"; };
		3BDA51E213E311EF0079729D /* ChildBrowserCommand.m */ = {isa = PBXFileReference; fileEncoding = 4; lastKnownFileType = sourcecode.c.objc; path = ChildBrowserCommand.m; sourceTree = "<group>"; };
		3BDA51E313E311EF0079729D /* ChildBrowserViewController.h */ = {isa = PBXFileReference; fileEncoding = 4; lastKnownFileType = sourcecode.c.h; path = ChildBrowserViewController.h; sourceTree = "<group>"; };
		3BDA51E413E311EF0079729D /* ChildBrowserViewController.m */ = {isa = PBXFileReference; fileEncoding = 4; lastKnownFileType = sourcecode.c.objc; path = ChildBrowserViewController.m; sourceTree = "<group>"; };
		3BDA51E513E311EF0079729D /* ChildBrowserViewController.xib */ = {isa = PBXFileReference; fileEncoding = 4; lastKnownFileType = file.xib; path = ChildBrowserViewController.xib; sourceTree = "<group>"; };
		3BDA51E713E311EF0079729D /* facebook.html */ = {isa = PBXFileReference; fileEncoding = 4; lastKnownFileType = text.html; path = facebook.html; sourceTree = "<group>"; };
		3BDA51E813E311EF0079729D /* FBConnect.js */ = {isa = PBXFileReference; fileEncoding = 4; lastKnownFileType = sourcecode.javascript; path = FBConnect.js; sourceTree = "<group>"; };
		3BDA51E913E311EF0079729D /* index.html */ = {isa = PBXFileReference; fileEncoding = 4; lastKnownFileType = text.html; path = index.html; sourceTree = "<group>"; };
		3BDA51EA13E311EF0079729D /* README.txt */ = {isa = PBXFileReference; fileEncoding = 4; lastKnownFileType = text; path = README.txt; sourceTree = "<group>"; };
		3BDA51EB13E311EF0079729D /* README.txt */ = {isa = PBXFileReference; fileEncoding = 4; lastKnownFileType = text; path = README.txt; sourceTree = "<group>"; };
/* End PBXFileReference section */

/* Begin PBXFrameworksBuildPhase section */
		3B3A5FD313D717F100F609BC /* Frameworks */ = {
			isa = PBXFrameworksBuildPhase;
			buildActionMask = 2147483647;
			files = (
				3B3A5FDE13D717F100F609BC /* Foundation.framework in Frameworks */,
				3B3A5FE013D717F100F609BC /* UIKit.framework in Frameworks */,
				3B3A5FE213D717F100F609BC /* CoreGraphics.framework in Frameworks */,
				3B3A5FE413D717F100F609BC /* AddressBook.framework in Frameworks */,
				3B3A5FE613D717F100F609BC /* AddressBookUI.framework in Frameworks */,
				3B3A5FE813D717F100F609BC /* AudioToolbox.framework in Frameworks */,
				3B3A5FEA13D717F100F609BC /* AVFoundation.framework in Frameworks */,
				3B3A5FEC13D717F100F609BC /* CoreLocation.framework in Frameworks */,
				3B3A5FEE13D717F100F609BC /* MediaPlayer.framework in Frameworks */,
				3B3A5FF013D717F100F609BC /* QuartzCore.framework in Frameworks */,
				3B3A5FF213D717F100F609BC /* SystemConfiguration.framework in Frameworks */,
				3B3A5FF413D717F100F609BC /* MobileCoreServices.framework in Frameworks */,
				3B3A5FF613D717F100F609BC /* CoreMedia.framework in Frameworks */,
				3BDA51DD13E30EB40079729D /* PhoneGap.framework in Frameworks */,
			);
			runOnlyForDeploymentPostprocessing = 0;
		};
		3B3A5FD613D717F100F609BC /* Frameworks */ = {
			isa = PBXFrameworksBuildPhase;
			buildActionMask = 2147483647;
			files = (
			);
			runOnlyForDeploymentPostprocessing = 0;
		};
/* End PBXFrameworksBuildPhase section */

/* Begin PBXGroup section */
		3B3A5FCB13D717F100F609BC = {
			isa = PBXGroup;
			children = (
				3B28C85813D9001000D710B3 /* Default@2x.png */,
				3B28C85613D8FFA100D710B3 /* Default.png */,
				3B3A646E13D719E400F609BC /* images */,
				3B3A646C13D7198300F609BC /* www */,
				3B3A5FF713D717F100F609BC /* craveapp */,
				3B3A5FDC13D717F100F609BC /* Frameworks */,
				3B3A5FDA13D717F100F609BC /* Products */,
			);
			sourceTree = "<group>";
		};
		3B3A5FDA13D717F100F609BC /* Products */ = {
			isa = PBXGroup;
			children = (
				3B3A5FD913D717F100F609BC /* craveapp.app */,
			);
			name = Products;
			sourceTree = "<group>";
		};
		3B3A5FDC13D717F100F609BC /* Frameworks */ = {
			isa = PBXGroup;
			children = (
				3B3A5FDD13D717F100F609BC /* Foundation.framework */,
				3B3A5FDF13D717F100F609BC /* UIKit.framework */,
				3B3A5FE113D717F100F609BC /* CoreGraphics.framework */,
				3B3A5FE313D717F100F609BC /* AddressBook.framework */,
				3B3A5FE513D717F100F609BC /* AddressBookUI.framework */,
				3B3A5FE713D717F100F609BC /* AudioToolbox.framework */,
				3B3A5FE913D717F100F609BC /* AVFoundation.framework */,
				3B3A5FEB13D717F100F609BC /* CoreLocation.framework */,
				3B3A5FED13D717F100F609BC /* MediaPlayer.framework */,
				3B3A5FEF13D717F100F609BC /* QuartzCore.framework */,
				3B3A5FF113D717F100F609BC /* SystemConfiguration.framework */,
				3B3A5FF313D717F100F609BC /* MobileCoreServices.framework */,
				3B3A5FF513D717F100F609BC /* CoreMedia.framework */,
			);
			name = Frameworks;
			sourceTree = "<group>";
		};
		3B3A5FF713D717F100F609BC /* craveapp */ = {
			isa = PBXGroup;
			children = (
				3BDA51DC13E30EB40079729D /* PhoneGap.framework */,
				3B3A600213D717F100F609BC /* Resources */,
				3B3A601513D717F100F609BC /* Classes */,
				3B3A601913D717F100F609BC /* Plugins */,
				3B3A5FF813D717F100F609BC /* Supporting Files */,
			);
			path = craveapp;
			sourceTree = "<group>";
		};
		3B3A5FF813D717F100F609BC /* Supporting Files */ = {
			isa = PBXGroup;
			children = (
				3B3A5FF913D717F100F609BC /* craveapp-Info.plist */,
				3B3A5FFA13D717F100F609BC /* InfoPlist.strings */,
				3B3A5FFD13D717F100F609BC /* craveapp-Prefix.pch */,
				3B3A5FFE13D717F100F609BC /* main.m */,
				3B3A601313D717F100F609BC /* PhoneGap.plist */,
			);
			name = "Supporting Files";
			sourceTree = "<group>";
		};
		3B3A600213D717F100F609BC /* Resources */ = {
			isa = PBXGroup;
			children = (
				3B3A601113D717F100F609BC /* Capture.bundle */,
				3B3A600313D717F100F609BC /* icons */,
				3B3A600A13D717F100F609BC /* splash */,
			);
			name = Resources;
			sourceTree = "<group>";
		};
		3B3A600313D717F100F609BC /* icons */ = {
			isa = PBXGroup;
			children = (
				3B3A600413D717F100F609BC /* icon.png */,
				3B3A600613D717F100F609BC /* icon@2x.png */,
				3B3A600813D717F100F609BC /* icon-72.png */,
			);
			name = icons;
			sourceTree = "<group>";
		};
		3B3A600A13D717F100F609BC /* splash */ = {
			isa = PBXGroup;
			children = (
				3B3A600B13D717F100F609BC /* Default.png */,
				3B3A600D13D717F100F609BC /* Default@2x.png */,
				3B3A600F13D717F100F609BC /* Default~ipad.png */,
			);
			name = splash;
			sourceTree = "<group>";
		};
		3B3A601513D717F100F609BC /* Classes */ = {
			isa = PBXGroup;
			children = (
				3B3A601613D717F100F609BC /* AppDelegate.h */,
				3B3A601713D717F100F609BC /* AppDelegate.m */,
			);
			name = Classes;
			sourceTree = "<group>";
		};
		3B3A601913D717F100F609BC /* Plugins */ = {
			isa = PBXGroup;
			children = (
				3BDA51DE13E311EF0079729D /* ChildBrowser */,
				3B3A601A13D717F100F609BC /* README */,
			);
			name = Plugins;
			sourceTree = "<group>";
		};
		3BDA51DE13E311EF0079729D /* ChildBrowser */ = {
			isa = PBXGroup;
			children = (
				3BDA51DF13E311EF0079729D /* ChildBrowser.bundle */,
				3BDA51E013E311EF0079729D /* ChildBrowser.js */,
				3BDA51E113E311EF0079729D /* ChildBrowserCommand.h */,
				3BDA51E213E311EF0079729D /* ChildBrowserCommand.m */,
				3BDA51E313E311EF0079729D /* ChildBrowserViewController.h */,
				3BDA51E413E311EF0079729D /* ChildBrowserViewController.m */,
				3BDA51E513E311EF0079729D /* ChildBrowserViewController.xib */,
				3BDA51E613E311EF0079729D /* FBConnectExample */,
				3BDA51EB13E311EF0079729D /* README.txt */,
			);
			name = ChildBrowser;
			path = Plugins/ChildBrowser;
			sourceTree = "<group>";
		};
		3BDA51E613E311EF0079729D /* FBConnectExample */ = {
			isa = PBXGroup;
			children = (
				3BDA51E713E311EF0079729D /* facebook.html */,
				3BDA51E813E311EF0079729D /* FBConnect.js */,
				3BDA51E913E311EF0079729D /* index.html */,
				3BDA51EA13E311EF0079729D /* README.txt */,
			);
			path = FBConnectExample;
			sourceTree = "<group>";
		};
/* End PBXGroup section */

/* Begin PBXNativeTarget section */
		3B3A5FD813D717F100F609BC /* craveapp */ = {
			isa = PBXNativeTarget;
			buildConfigurationList = 3B3A601D13D717F100F609BC /* Build configuration list for PBXNativeTarget "craveapp" */;
			buildPhases = (
				3B3A5FD213D717F100F609BC /* Sources */,
				3B3A5FD313D717F100F609BC /* Frameworks */,
				3B3A5FD413D717F100F609BC /* Resources */,
				3B3A5FD513D717F100F609BC /* Sources */,
				3B3A5FD613D717F100F609BC /* Frameworks */,
				3B3A5FD713D717F100F609BC /* ShellScript */,
			);
			buildRules = (
			);
			dependencies = (
			);
			name = craveapp;
			productName = craveapp;
			productReference = 3B3A5FD913D717F100F609BC /* craveapp.app */;
			productType = "com.apple.product-type.application";
		};
/* End PBXNativeTarget section */

/* Begin PBXProject section */
		3B3A5FCD13D717F100F609BC /* Project object */ = {
			isa = PBXProject;
			attributes = {
				ORGANIZATIONNAME = "Brian Samson Software Consulting";
			};
			buildConfigurationList = 3B3A5FD013D717F100F609BC /* Build configuration list for PBXProject "craveapp" */;
			compatibilityVersion = "Xcode 3.2";
			developmentRegion = English;
			hasScannedForEncodings = 0;
			knownRegions = (
				en,
			);
			mainGroup = 3B3A5FCB13D717F100F609BC;
			productRefGroup = 3B3A5FDA13D717F100F609BC /* Products */;
			projectDirPath = "";
			projectRoot = "";
			targets = (
				3B3A5FD813D717F100F609BC /* craveapp */,
			);
		};
/* End PBXProject section */

/* Begin PBXResourcesBuildPhase section */
		3B3A5FD413D717F100F609BC /* Resources */ = {
			isa = PBXResourcesBuildPhase;
			buildActionMask = 2147483647;
			files = (
				3B3A5FFC13D717F100F609BC /* InfoPlist.strings in Resources */,
				3B3A600513D717F100F609BC /* icon.png in Resources */,
				3B3A600713D717F100F609BC /* icon@2x.png in Resources */,
				3B3A600913D717F100F609BC /* icon-72.png in Resources */,
				3B3A600C13D717F100F609BC /* Default.png in Resources */,
				3B3A600E13D717F100F609BC /* Default@2x.png in Resources */,
				3B3A601013D717F100F609BC /* Default~ipad.png in Resources */,
				3B3A601213D717F100F609BC /* Capture.bundle in Resources */,
				3B3A601413D717F100F609BC /* PhoneGap.plist in Resources */,
				3B3A646D13D7198300F609BC /* www in Resources */,
				3B3A646F13D719E400F609BC /* images in Resources */,
				3B28C85713D8FFA100D710B3 /* Default.png in Resources */,
				3B28C85913D9001000D710B3 /* Default@2x.png in Resources */,
				3BDA51EC13E311EF0079729D /* ChildBrowser.bundle in Resources */,
				3BDA51F013E311EF0079729D /* ChildBrowserViewController.xib in Resources */,
				3BDA51F113E311EF0079729D /* facebook.html in Resources */,
				3BDA51F313E311EF0079729D /* index.html in Resources */,
				3BDA51F413E311EF0079729D /* README.txt in Resources */,
				3BDA51F513E311EF0079729D /* README.txt in Resources */,
			);
			runOnlyForDeploymentPostprocessing = 0;
		};
/* End PBXResourcesBuildPhase section */

/* Begin PBXShellScriptBuildPhase section */
		3B3A5FD713D717F100F609BC /* ShellScript */ = {
			isa = PBXShellScriptBuildPhase;
			buildActionMask = 2147483647;
			files = (
			);
			inputPaths = (
			);
			outputPaths = (
			);
			runOnlyForDeploymentPostprocessing = 0;
			shellPath = /bin/bash;
			shellScript = "\n\t\t\t\t\t\t\t\tif [ ! -d \"$PROJECT_DIR/www\" ] ; then\n\t\t\t\t\t\t\t\t\tcp -R /Users/Shared/PhoneGap/Frameworks/PhoneGap.framework/www \"$PROJECT_DIR\"\n\t\t\t\t\t\t\t\tfi\n\t\t\t\t\t\t\t\t# detect www folder reference in project, if missing, print warning\n\t\t\t\t\t\t\t\tgrep \"{isa = PBXFileReference; lastKnownFileType = folder; path = www; sourceTree = \\\"<group>\\\"; };\" \"$PROJECT_DIR/$PROJECT_NAME.xcodeproj/project.pbxproj\"\n\t\t\t\t\t\t\t\trc=$? \n\t\t\t\t\t\t\t\tif [ $rc != 0 ] ; then\n\t\t\t\t\t\t\t\techo -e \"warning: Missing - Add $PROJECT_DIR/www as a folder reference in your project. Just drag and drop the folder into your project, in Xcode 4.\" 1>&2\n\t\t\t\t\t\t\t\tfi\t\t\t\t\t\t\t";
		};
/* End PBXShellScriptBuildPhase section */

/* Begin PBXSourcesBuildPhase section */
		3B3A5FD213D717F100F609BC /* Sources */ = {
			isa = PBXSourcesBuildPhase;
			buildActionMask = 2147483647;
			files = (
				3B3A5FFF13D717F100F609BC /* main.m in Sources */,
				3B3A601813D717F100F609BC /* AppDelegate.m in Sources */,
				3BDA51ED13E311EF0079729D /* ChildBrowser.js in Sources */,
				3BDA51EE13E311EF0079729D /* ChildBrowserCommand.m in Sources */,
				3BDA51EF13E311EF0079729D /* ChildBrowserViewController.m in Sources */,
				3BDA51F213E311EF0079729D /* FBConnect.js in Sources */,
			);
			runOnlyForDeploymentPostprocessing = 0;
		};
		3B3A5FD513D717F100F609BC /* Sources */ = {
			isa = PBXSourcesBuildPhase;
			buildActionMask = 2147483647;
			files = (
			);
			runOnlyForDeploymentPostprocessing = 0;
		};
/* End PBXSourcesBuildPhase section */

/* Begin PBXVariantGroup section */
		3B3A5FFA13D717F100F609BC /* InfoPlist.strings */ = {
			isa = PBXVariantGroup;
			children = (
				3B3A5FFB13D717F100F609BC /* en */,
			);
			name = InfoPlist.strings;
			sourceTree = "<group>";
		};
/* End PBXVariantGroup section */

/* Begin XCBuildConfiguration section */
		3B3A601B13D717F100F609BC /* Debug */ = {
			isa = XCBuildConfiguration;
			buildSettings = {
				ARCHS = "$(ARCHS_STANDARD_32_BIT)";
				"CODE_SIGN_IDENTITY[sdk=iphoneos*]" = "iPhone Developer";
				GCC_C_LANGUAGE_STANDARD = gnu99;
				GCC_OPTIMIZATION_LEVEL = 0;
				GCC_PREPROCESSOR_DEFINITIONS = DEBUG;
				GCC_SYMBOLS_PRIVATE_EXTERN = NO;
				GCC_VERSION = com.apple.compilers.llvmgcc42;
				GCC_WARN_ABOUT_RETURN_TYPE = YES;
				GCC_WARN_UNUSED_VARIABLE = YES;
				IPHONEOS_DEPLOYMENT_TARGET = 4.3;
				SDKROOT = iphoneos;
			};
			name = Debug;
		};
		3B3A601C13D717F100F609BC /* Release */ = {
			isa = XCBuildConfiguration;
			buildSettings = {
				ARCHS = "$(ARCHS_STANDARD_32_BIT)";
				"CODE_SIGN_IDENTITY[sdk=iphoneos*]" = "iPhone Developer";
				GCC_C_LANGUAGE_STANDARD = gnu99;
				GCC_VERSION = com.apple.compilers.llvmgcc42;
				GCC_WARN_ABOUT_RETURN_TYPE = YES;
				GCC_WARN_UNUSED_VARIABLE = YES;
				IPHONEOS_DEPLOYMENT_TARGET = 4.3;
				SDKROOT = iphoneos;
			};
			name = Release;
		};
		3B3A601E13D717F100F609BC /* Debug */ = {
			isa = XCBuildConfiguration;
			buildSettings = {
				ALWAYS_SEARCH_USER_PATHS = YES;
				COPY_PHASE_STRIP = NO;
				FRAMEWORK_SEARCH_PATHS = /Users/Shared/PhoneGap/Frameworks;
				GCC_DYNAMIC_NO_PIC = NO;
				GCC_PRECOMPILE_PREFIX_HEADER = YES;
				GCC_PREFIX_HEADER = "craveapp/craveapp-Prefix.pch";
				GCC_PREPROCESSOR_DEFINITIONS = "PHONEGAP_FRAMEWORK=YES";
				INFOPLIST_FILE = "craveapp/craveapp-Info.plist";
				IPHONEOS_DEPLOYMENT_TARGET = 4.3;
				PRODUCT_NAME = "$(TARGET_NAME)";
				TARGETED_DEVICE_FAMILY = 1;
				WRAPPER_EXTENSION = app;
			};
			name = Debug;
		};
		3B3A601F13D717F100F609BC /* Release */ = {
			isa = XCBuildConfiguration;
			buildSettings = {
				ALWAYS_SEARCH_USER_PATHS = YES;
				COPY_PHASE_STRIP = YES;
				DEBUG_INFORMATION_FORMAT = "dwarf-with-dsym";
				FRAMEWORK_SEARCH_PATHS = /Users/Shared/PhoneGap/Frameworks;
				GCC_PRECOMPILE_PREFIX_HEADER = YES;
				GCC_PREFIX_HEADER = "craveapp/craveapp-Prefix.pch";
				GCC_PREPROCESSOR_DEFINITIONS = "PHONEGAP_FRAMEWORK=YES";
				INFOPLIST_FILE = "craveapp/craveapp-Info.plist";
				IPHONEOS_DEPLOYMENT_TARGET = 4.3;
				PRODUCT_NAME = "$(TARGET_NAME)";
				TARGETED_DEVICE_FAMILY = 1;
				VALIDATE_PRODUCT = YES;
				WRAPPER_EXTENSION = app;
			};
			name = Release;
		};
		3B75493813D9CAF80091054C /* Distribution */ = {
			isa = XCBuildConfiguration;
			buildSettings = {
				ARCHS = "$(ARCHS_STANDARD_32_BIT)";
				"CODE_SIGN_IDENTITY[sdk=iphoneos*]" = "iPhone Developer";
				GCC_C_LANGUAGE_STANDARD = gnu99;
				GCC_VERSION = com.apple.compilers.llvmgcc42;
				GCC_WARN_ABOUT_RETURN_TYPE = YES;
				GCC_WARN_UNUSED_VARIABLE = YES;
				IPHONEOS_DEPLOYMENT_TARGET = 4.3;
				SDKROOT = iphoneos;
			};
			name = Distribution;
		};
		3B75493913D9CAF80091054C /* Distribution */ = {
			isa = XCBuildConfiguration;
			buildSettings = {
				ALWAYS_SEARCH_USER_PATHS = YES;
				CODE_SIGN_IDENTITY = "";
				"CODE_SIGN_IDENTITY[sdk=iphoneos*]" = "iPhone Distribution";
				COPY_PHASE_STRIP = YES;
				DEBUG_INFORMATION_FORMAT = "dwarf-with-dsym";
				FRAMEWORK_SEARCH_PATHS = /Users/Shared/PhoneGap/Frameworks;
				GCC_PRECOMPILE_PREFIX_HEADER = YES;
				GCC_PREFIX_HEADER = "craveapp/craveapp-Prefix.pch";
				GCC_PREPROCESSOR_DEFINITIONS = "PHONEGAP_FRAMEWORK=YES";
				INFOPLIST_FILE = "craveapp/craveapp-Info.plist";
				IPHONEOS_DEPLOYMENT_TARGET = 4.3;
				PRODUCT_NAME = "$(TARGET_NAME)";
				"PROVISIONING_PROFILE[sdk=iphoneos*]" = "";
				TARGETED_DEVICE_FAMILY = 1;
				VALIDATE_PRODUCT = YES;
				WRAPPER_EXTENSION = app;
			};
			name = Distribution;
		};
/* End XCBuildConfiguration section */

/* Begin XCConfigurationList section */
		3B3A5FD013D717F100F609BC /* Build configuration list for PBXProject "craveapp" */ = {
			isa = XCConfigurationList;
			buildConfigurations = (
				3B3A601B13D717F100F609BC /* Debug */,
				3B3A601C13D717F100F609BC /* Release */,
				3B75493813D9CAF80091054C /* Distribution */,
			);
			defaultConfigurationIsVisible = 0;
			defaultConfigurationName = Release;
		};
		3B3A601D13D717F100F609BC /* Build configuration list for PBXNativeTarget "craveapp" */ = {
			isa = XCConfigurationList;
			buildConfigurations = (
				3B3A601E13D717F100F609BC /* Debug */,
				3B3A601F13D717F100F609BC /* Release */,
				3B75493913D9CAF80091054C /* Distribution */,
			);
			defaultConfigurationIsVisible = 0;
			defaultConfigurationName = Release;
		};
/* End XCConfigurationList section */
	};
	rootObject = 3B3A5FCD13D717F100F609BC /* Project object */;
}
